
Microsoft Visual Studio Solution File, Format Version 12.00
# Visual Studio 2012
Project("{FAE04EC0-301F-11D3-BF4B-00C04F79EFBC}") = "BillCalc2", "BillCalc2\BillCalc2.csproj", "{58816BB7-AF7E-4E34-A847-E685D38FA715}"
EndProject
Global
	GlobalSection(SolutionConfigurationPlatforms) = preSolution
		Debug|Any CPU = Debug|Any CPU
		Release|Any CPU = Release|Any CPU
	EndGlobalSection
	GlobalSection(ProjectConfigurationPlatforms) = postSolution
		{58816BB7-AF7E-4E34-A847-E685D38FA715}.Debug|Any CPU.ActiveCfg = Debug|Any CPU
		{58816BB7-AF7E-4E34-A847-E685D38FA715}.Debug|Any CPU.Build.0 = Debug|Any CPU
		{58816BB7-AF7E-4E34-A847-E685D38FA715}.Release|Any CPU.ActiveCfg = Release|Any CPU
		{58816BB7-AF7E-4E34-A847-E685D38FA715}.Release|Any CPU.Build.0 = Release|Any CPU
	EndGlobalSection
	GlobalSection(SolutionProperties) = preSolution
		HideSolutionNode = FALSE
	EndGlobalSection
EndGlobal
